
Microsoft Visual Studio Solution File, Format Version 12.00
# Visual Studio Version 16
VisualStudioVersion = 16.0.29613.14
MinimumVisualStudioVersion = 10.0.40219.1
Project("{FAE04EC0-301F-11D3-BF4B-00C04F79EFBC}") = "MorePizza", "MorePizza\MorePizza.csproj", "{62ABECC2-8FF0-4DA0-8B03-D25B1AC9C098}"
EndProject
Global
	GlobalSection(SolutionConfigurationPlatforms) = preSolution
		Debug|Any CPU = Debug|Any CPU
		Release|Any CPU = Release|Any CPU
	EndGlobalSection
	GlobalSection(ProjectConfigurationPlatforms) = postSolution
		{62ABECC2-8FF0-4DA0-8B03-D25B1AC9C098}.Debug|Any CPU.ActiveCfg = Debug|Any CPU
		{62ABECC2-8FF0-4DA0-8B03-D25B1AC9C098}.Debug|Any CPU.Build.0 = Debug|Any CPU
		{62ABECC2-8FF0-4DA0-8B03-D25B1AC9C098}.Release|Any CPU.ActiveCfg = Release|Any CPU
		{62ABECC2-8FF0-4DA0-8B03-D25B1AC9C098}.Release|Any CPU.Build.0 = Release|Any CPU
	EndGlobalSection
	GlobalSection(SolutionProperties) = preSolution
		HideSolutionNode = FALSE
	EndGlobalSection
	GlobalSection(ExtensibilityGlobals) = postSolution
		SolutionGuid = {BC18876D-55C8-426E-B20A-B09E624FDD1A}
	EndGlobalSection
EndGlobal
